
Microsoft Visual Studio Solution File, Format Version 12.00
# Visual Studio Version 17
VisualStudioVersion = 17.9.34723.18
MinimumVisualStudioVersion = 10.0.40219.1
Project("{9A19103F-16F7-4668-BE54-9A1E7A4F7556}") = "Novibet", "Novibet\Novibet.csproj", "{270FA39B-36DE-41A4-A2EA-0A2E8D59E046}"
EndProject
Project("{FAE04EC0-301F-11D3-BF4B-00C04F79EFBC}") = "Novibet.Tests", "Novibet.Tests\Novibet.Tests.csproj", "{77E3DA02-213E-4BB8-9B09-4288F6DB996F}"
EndProject
Global
	GlobalSection(SolutionConfigurationPlatforms) = preSolution
		Debug|Any CPU = Debug|Any CPU
		Release|Any CPU = Release|Any CPU
	EndGlobalSection
	GlobalSection(ProjectConfigurationPlatforms) = postSolution
		{270FA39B-36DE-41A4-A2EA-0A2E8D59E046}.Debug|Any CPU.ActiveCfg = Debug|Any CPU
		{270FA39B-36DE-41A4-A2EA-0A2E8D59E046}.Debug|Any CPU.Build.0 = Debug|Any CPU
		{270FA39B-36DE-41A4-A2EA-0A2E8D59E046}.Release|Any CPU.ActiveCfg = Release|Any CPU
		{270FA39B-36DE-41A4-A2EA-0A2E8D59E046}.Release|Any CPU.Build.0 = Release|Any CPU
		{77E3DA02-213E-4BB8-9B09-4288F6DB996F}.Debug|Any CPU.ActiveCfg = Debug|Any CPU
		{77E3DA02-213E-4BB8-9B09-4288F6DB996F}.Debug|Any CPU.Build.0 = Debug|Any CPU
		{77E3DA02-213E-4BB8-9B09-4288F6DB996F}.Release|Any CPU.ActiveCfg = Release|Any CPU
		{77E3DA02-213E-4BB8-9B09-4288F6DB996F}.Release|Any CPU.Build.0 = Release|Any CPU
	EndGlobalSection
	GlobalSection(SolutionProperties) = preSolution
		HideSolutionNode = FALSE
	EndGlobalSection
	GlobalSection(ExtensibilityGlobals) = postSolution
		SolutionGuid = {30464C48-5668-4514-B0EA-6A0EEFB960FC}
	EndGlobalSection
EndGlobal
